// !$*UTF8*$!
{
	archiveVersion = 1;
	classes = {
	};
	objectVersion = 48;
	objects = {

/* Begin PBXBuildFile section */
		57DD8B142067D8E300049AC7 /* main.swift in Sources */ = {isa = PBXBuildFile; fileRef = 57DD8B132067D8E300049AC7 /* main.swift */; };
		57DD8B1B2067E70100049AC7 /* Lexer.swift in Sources */ = {isa = PBXBuildFile; fileRef = 57DD8B1A2067E70100049AC7 /* Lexer.swift */; };
		57DD8B1D2067FEA900049AC7 /* RDParser.swift in Sources */ = {isa = PBXBuildFile; fileRef = 57DD8B1C2067FEA900049AC7 /* RDParser.swift */; };
		57DD8B1F2067FFC000049AC7 /* Expression.swift in Sources */ = {isa = PBXBuildFile; fileRef = 57DD8B1E2067FFC000049AC7 /* Expression.swift */; };
		57DD8B2120680B3C00049AC7 /* AbstractBuilder.swift in Sources */ = {isa = PBXBuildFile; fileRef = 57DD8B2020680B3C00049AC7 /* AbstractBuilder.swift */; };
/* End PBXBuildFile section */

/* Begin PBXCopyFilesBuildPhase section */
		57DD8B0E2067D8E200049AC7 /* CopyFiles */ = {
			isa = PBXCopyFilesBuildPhase;
			buildActionMask = 2147483647;
			dstPath = /usr/share/man/man1/;
			dstSubfolderSpec = 0;
			files = (
			);
			runOnlyForDeploymentPostprocessing = 1;
		};
/* End PBXCopyFilesBuildPhase section */

/* Begin PBXFileReference section */
		57DD8B102067D8E200049AC7 /* Step-2 */ = {isa = PBXFileReference; explicitFileType = "compiled.mach-o.executable"; includeInIndex = 0; path = "Step-2"; sourceTree = BUILT_PRODUCTS_DIR; };
		57DD8B132067D8E300049AC7 /* main.swift */ = {isa = PBXFileReference; lastKnownFileType = sourcecode.swift; path = main.swift; sourceTree = "<group>"; };
		57DD8B1A2067E70100049AC7 /* Lexer.swift */ = {isa = PBXFileReference; lastKnownFileType = sourcecode.swift; path = Lexer.swift; sourceTree = "<group>"; };
		57DD8B1C2067FEA900049AC7 /* RDParser.swift */ = {isa = PBXFileReference; lastKnownFileType = sourcecode.swift; path = RDParser.swift; sourceTree = "<group>"; };
		57DD8B1E2067FFC000049AC7 /* Expression.swift */ = {isa = PBXFileReference; fileEncoding = 4; lastKnownFileType = sourcecode.swift; path = Expression.swift; sourceTree = "<group>"; };
		57DD8B2020680B3C00049AC7 /* AbstractBuilder.swift */ = {isa = PBXFileReference; lastKnownFileType = sourcecode.swift; path = AbstractBuilder.swift; sourceTree = "<group>"; };
/* End PBXFileReference section */

/* Begin PBXFrameworksBuildPhase section */
		57DD8B0D2067D8E200049AC7 /* Frameworks */ = {
			isa = PBXFrameworksBuildPhase;
			buildActionMask = 2147483647;
			files = (
			);
			runOnlyForDeploymentPostprocessing = 0;
		};
/* End PBXFrameworksBuildPhase section */

/* Begin PBXGroup section */
		57DD8B072067D8E200049AC7 = {
			isa = PBXGroup;
			children = (
				57DD8B122067D8E200049AC7 /* Step-2 */,
				57DD8B112067D8E200049AC7 /* Products */,
			);
			sourceTree = "<group>";
		};
		57DD8B112067D8E200049AC7 /* Products */ = {
			isa = PBXGroup;
			children = (
				57DD8B102067D8E200049AC7 /* Step-2 */,
			);
			name = Products;
			sourceTree = "<group>";
		};
		57DD8B122067D8E200049AC7 /* Step-2 */ = {
			isa = PBXGroup;
			children = (
				57DD8B1E2067FFC000049AC7 /* Expression.swift */,
				57DD8B132067D8E300049AC7 /* main.swift */,
				57DD8B1A2067E70100049AC7 /* Lexer.swift */,
				57DD8B1C2067FEA900049AC7 /* RDParser.swift */,
				57DD8B2020680B3C00049AC7 /* AbstractBuilder.swift */,
			);
			path = "Step-2";
			sourceTree = "<group>";
		};
/* End PBXGroup section */

/* Begin PBXNativeTarget section */
		57DD8B0F2067D8E200049AC7 /* Step-2 */ = {
			isa = PBXNativeTarget;
			buildConfigurationList = 57DD8B172067D8E300049AC7 /* Build configuration list for PBXNativeTarget "Step-2" */;
			buildPhases = (
				57DD8B0C2067D8E200049AC7 /* Sources */,
				57DD8B0D2067D8E200049AC7 /* Frameworks */,
				57DD8B0E2067D8E200049AC7 /* CopyFiles */,
			);
			buildRules = (
			);
			dependencies = (
			);
			name = "Step-2";
			productName = "Step-2";
			productReference = 57DD8B102067D8E200049AC7 /* Step-2 */;
			productType = "com.apple.product-type.tool";
		};
/* End PBXNativeTarget section */

/* Begin PBXProject section */
		57DD8B082067D8E200049AC7 /* Project object */ = {
			isa = PBXProject;
			attributes = {
				LastSwiftUpdateCheck = 0920;
				LastUpgradeCheck = 0920;
				ORGANIZATIONNAME = "Binoy Vijayan";
				TargetAttributes = {
					57DD8B0F2067D8E200049AC7 = {
						CreatedOnToolsVersion = 9.2;
						ProvisioningStyle = Automatic;
					};
				};
			};
			buildConfigurationList = 57DD8B0B2067D8E200049AC7 /* Build configuration list for PBXProject "Step-2" */;
			compatibilityVersion = "Xcode 8.0";
			developmentRegion = en;
			hasScannedForEncodings = 0;
			knownRegions = (
				en,
			);
			mainGroup = 57DD8B072067D8E200049AC7;
			productRefGroup = 57DD8B112067D8E200049AC7 /* Products */;
			projectDirPath = "";
			projectRoot = "";
			targets = (
				57DD8B0F2067D8E200049AC7 /* Step-2 */,
			);
		};
/* End PBXProject section */

/* Begin PBXSourcesBuildPhase section */
		57DD8B0C2067D8E200049AC7 /* Sources */ = {
			isa = PBXSourcesBuildPhase;
			buildActionMask = 2147483647;
			files = (
				57DD8B1B2067E70100049AC7 /* Lexer.swift in Sources */,
				57DD8B142067D8E300049AC7 /* main.swift in Sources */,
				57DD8B2120680B3C00049AC7 /* AbstractBuilder.swift in Sources */,
				57DD8B1D2067FEA900049AC7 /* RDParser.swift in Sources */,
				57DD8B1F2067FFC000049AC7 /* Expression.swift in Sources */,
			);
			runOnlyForDeploymentPostprocessing = 0;
		};
/* End PBXSourcesBuildPhase section */

/* Begin XCBuildConfiguration section */
		57DD8B152067D8E300049AC7 /* Debug */ = {
			isa = XCBuildConfiguration;
			buildSettings = {
				ALWAYS_SEARCH_USER_PATHS = NO;
				CLANG_ANALYZER_NONNULL = YES;
				CLANG_ANALYZER_NUMBER_OBJECT_CONVERSION = YES_AGGRESSIVE;
				CLANG_CXX_LANGUAGE_STANDARD = "gnu++14";
				CLANG_CXX_LIBRARY = "libc++";
				CLANG_ENABLE_MODULES = YES;
				CLANG_ENABLE_OBJC_ARC = YES;
				CLANG_WARN_BLOCK_CAPTURE_AUTORELEASING = YES;
				CLANG_WARN_BOOL_CONVERSION = YES;
				CLANG_WARN_COMMA = YES;
				CLANG_WARN_CONSTANT_CONVERSION = YES;
				CLANG_WARN_DIRECT_OBJC_ISA_USAGE = YES_ERROR;
				CLANG_WARN_DOCUMENTATION_COMMENTS = YES;
				CLANG_WARN_EMPTY_BODY = YES;
				CLANG_WARN_ENUM_CONVERSION = YES;
				CLANG_WARN_INFINITE_RECURSION = YES;
				CLANG_WARN_INT_CONVERSION = YES;
				CLANG_WARN_NON_LITERAL_NULL_CONVERSION = YES;
				CLANG_WARN_OBJC_LITERAL_CONVERSION = YES;
				CLANG_WARN_OBJC_ROOT_CLASS = YES_ERROR;
				CLANG_WARN_RANGE_LOOP_ANALYSIS = YES;
				CLANG_WARN_STRICT_PROTOTYPES = YES;
				CLANG_WARN_SUSPICIOUS_MOVE = YES;
				CLANG_WARN_UNGUARDED_AVAILABILITY = YES_AGGRESSIVE;
				CLANG_WARN_UNREACHABLE_CODE = YES;
				CLANG_WARN__DUPLICATE_METHOD_MATCH = YES;
				CODE_SIGN_IDENTITY = "-";
				COPY_PHASE_STRIP = NO;
				DEBUG_INFORMATION_FORMAT = dwarf;
				ENABLE_STRICT_OBJC_MSGSEND = YES;
				ENABLE_TESTABILITY = YES;
				GCC_C_LANGUAGE_STANDARD = gnu11;
				GCC_DYNAMIC_NO_PIC = NO;
				GCC_NO_COMMON_BLOCKS = YES;
				GCC_OPTIMIZATION_LEVEL = 0;
				GCC_PREPROCESSOR_DEFINITIONS = (
					"DEBUG=1",
					"$(inherited)",
				);
				GCC_WARN_64_TO_32_BIT_CONVERSION = YES;
				GCC_WARN_ABOUT_RETURN_TYPE = YES_ERROR;
				GCC_WARN_UNDECLARED_SELECTOR = YES;
				GCC_WARN_UNINITIALIZED_AUTOS = YES_AGGRESSIVE;
				GCC_WARN_UNUSED_FUNCTION = YES;
				GCC_WARN_UNUSED_VARIABLE = YES;
				MACOSX_DEPLOYMENT_TARGET = 10.13;
				MTL_ENABLE_DEBUG_INFO = YES;
				ONLY_ACTIVE_ARCH = YES;
				SDKROOT = macosx;
				SWIFT_ACTIVE_COMPILATION_CONDITIONS = DEBUG;
				SWIFT_OPTIMIZATION_LEVEL = "-Onone";
			};
			name = Debug;
		};
		57DD8B162067D8E300049AC7 /* Release */ = {
			isa = XCBuildConfiguration;
			buildSettings = {
				ALWAYS_SEARCH_USER_PATHS = NO;
				CLANG_ANALYZER_NONNULL = YES;
				CLANG_ANALYZER_NUMBER_OBJECT_CONVERSION = YES_AGGRESSIVE;
				CLANG_CXX_LANGUAGE_STANDARD = "gnu++14";
				CLANG_CXX_LIBRARY = "libc++";
				CLANG_ENABLE_MODULES = YES;
				CLANG_ENABLE_OBJC_ARC = YES;
				CLANG_WARN_BLOCK_CAPTURE_AUTORELEASING = YES;
				CLANG_WARN_BOOL_CONVERSION = YES;
				CLANG_WARN_COMMA = YES;
				CLANG_WARN_CONSTANT_CONVERSION = YES;
				CLANG_WARN_DIRECT_OBJC_ISA_USAGE = YES_ERROR;
				CLANG_WARN_DOCUMENTATION_COMMENTS = YES;
				CLANG_WARN_EMPTY_BODY = YES;
				CLANG_WARN_ENUM_CONVERSION = YES;
				CLANG_WARN_INFINITE_RECURSION = YES;
				CLANG_WARN_INT_CONVERSION = YES;
				CLANG_WARN_NON_LITERAL_NULL_CONVERSION = YES;
				CLANG_WARN_OBJC_LITERAL_CONVERSION = YES;
				CLANG_WARN_OBJC_ROOT_CLASS = YES_ERROR;
				CLANG_WARN_RANGE_LOOP_ANALYSIS = YES;
				CLANG_WARN_STRICT_PROTOTYPES = YES;
				CLANG_WARN_SUSPICIOUS_MOVE = YES;
				CLANG_WARN_UNGUARDED_AVAILABILITY = YES_AGGRESSIVE;
				CLANG_WARN_UNREACHABLE_CODE = YES;
				CLANG_WARN__DUPLICATE_METHOD_MATCH = YES;
				CODE_SIGN_IDENTITY = "-";
				COPY_PHASE_STRIP = NO;
				DEBUG_INFORMATION_FORMAT = "dwarf-with-dsym";
				ENABLE_NS_ASSERTIONS = NO;
				ENABLE_STRICT_OBJC_MSGSEND = YES;
				GCC_C_LANGUAGE_STANDARD = gnu11;
				GCC_NO_COMMON_BLOCKS = YES;
				GCC_WARN_64_TO_32_BIT_CONVERSION = YES;
				GCC_WARN_ABOUT_RETURN_TYPE = YES_ERROR;
				GCC_WARN_UNDECLARED_SELECTOR = YES;
				GCC_WARN_UNINITIALIZED_AUTOS = YES_AGGRESSIVE;
				GCC_WARN_UNUSED_FUNCTION = YES;
				GCC_WARN_UNUSED_VARIABLE = YES;
				MACOSX_DEPLOYMENT_TARGET = 10.13;
				MTL_ENABLE_DEBUG_INFO = NO;
				SDKROOT = macosx;
				SWIFT_OPTIMIZATION_LEVEL = "-Owholemodule";
			};
			name = Release;
		};
		57DD8B182067D8E300049AC7 /* Debug */ = {
			isa = XCBuildConfiguration;
			buildSettings = {
				CODE_SIGN_STYLE = Automatic;
				PRODUCT_NAME = "$(TARGET_NAME)";
				SWIFT_VERSION = 4.0;
			};
			name = Debug;
		};
		57DD8B192067D8E300049AC7 /* Release */ = {
			isa = XCBuildConfiguration;
			buildSettings = {
				CODE_SIGN_STYLE = Automatic;
				PRODUCT_NAME = "$(TARGET_NAME)";
				SWIFT_VERSION = 4.0;
			};
			name = Release;
		};
/* End XCBuildConfiguration section */

/* Begin XCConfigurationList section */
		57DD8B0B2067D8E200049AC7 /* Build configuration list for PBXProject "Step-2" */ = {
			isa = XCConfigurationList;
			buildConfigurations = (
				57DD8B152067D8E300049AC7 /* Debug */,
				57DD8B162067D8E300049AC7 /* Release */,
			);
			defaultConfigurationIsVisible = 0;
			defaultConfigurationName = Release;
		};
		57DD8B172067D8E300049AC7 /* Build configuration list for PBXNativeTarget "Step-2" */ = {
			isa = XCConfigurationList;
			buildConfigurations = (
				57DD8B182067D8E300049AC7 /* Debug */,
				57DD8B192067D8E300049AC7 /* Release */,
			);
			defaultConfigurationIsVisible = 0;
			defaultConfigurationName = Release;
		};
/* End XCConfigurationList section */
	};
	rootObject = 57DD8B082067D8E200049AC7 /* Project object */;
}
